
Microsoft Visual Studio Solution File, Format Version 12.00
Project("{FAE04EC0-301F-11D3-BF4B-00C04F79EFBC}") = "Software.Design.Patterns.Proxy", "Software.Design.Patterns.Proxy\Software.Design.Patterns.Proxy.csproj", "{B4CD2882-ABAF-4E80-B43D-A86B274EDF54}"
EndProject
Global
	GlobalSection(SolutionConfigurationPlatforms) = preSolution
		Debug|Any CPU = Debug|Any CPU
		Release|Any CPU = Release|Any CPU
	EndGlobalSection
	GlobalSection(ProjectConfigurationPlatforms) = postSolution
		{B4CD2882-ABAF-4E80-B43D-A86B274EDF54}.Debug|Any CPU.ActiveCfg = Debug|Any CPU
		{B4CD2882-ABAF-4E80-B43D-A86B274EDF54}.Debug|Any CPU.Build.0 = Debug|Any CPU
		{B4CD2882-ABAF-4E80-B43D-A86B274EDF54}.Release|Any CPU.ActiveCfg = Release|Any CPU
		{B4CD2882-ABAF-4E80-B43D-A86B274EDF54}.Release|Any CPU.Build.0 = Release|Any CPU
	EndGlobalSection
EndGlobal
